// !$*UTF8*$!
{
	archiveVersion = 1;
	classes = {
	};
	objectVersion = 56;
	objects = {

/* Begin PBXBuildFile section */
		033AFABE299457C800E44036 /* TeamDetailsViewModel.swift in Sources */ = {isa = PBXBuildFile; fileRef = 033AFABD299457C800E44036 /* TeamDetailsViewModel.swift */; };
		036385AC2990218D00614AA3 /* LeagueDetailsViewModel.swift in Sources */ = {isa = PBXBuildFile; fileRef = 036385AB2990218D00614AA3 /* LeagueDetailsViewModel.swift */; };
		0366BE002997ADA5003F2AB1 /* LegueDetailsViewController.swift in Sources */ = {isa = PBXBuildFile; fileRef = 0366BDFF2997ADA5003F2AB1 /* LegueDetailsViewController.swift */; };
		0366BE0629981D2A003F2AB1 /* TestAPI.swift in Sources */ = {isa = PBXBuildFile; fileRef = 0366BE0529981D2A003F2AB1 /* TestAPI.swift */; };
		0366BE0A2998238D003F2AB1 /* URLForLeagueProtocol.swift in Sources */ = {isa = PBXBuildFile; fileRef = 0366BE092998238D003F2AB1 /* URLForLeagueProtocol.swift */; };
		0366BE0C299823A1003F2AB1 /* URLForUpcommingEventProtocol.swift in Sources */ = {isa = PBXBuildFile; fileRef = 0366BE0B299823A1003F2AB1 /* URLForUpcommingEventProtocol.swift */; };
		0366BE0E299823B6003F2AB1 /* URLForLatestEventProtocol.swift in Sources */ = {isa = PBXBuildFile; fileRef = 0366BE0D299823B6003F2AB1 /* URLForLatestEventProtocol.swift */; };
		0366BE10299824D6003F2AB1 /* UpcomingUrl.swift in Sources */ = {isa = PBXBuildFile; fileRef = 0366BE0F299824D6003F2AB1 /* UpcomingUrl.swift */; };
		0366BE12299824E2003F2AB1 /* LatestURL.swift in Sources */ = {isa = PBXBuildFile; fileRef = 0366BE11299824E2003F2AB1 /* LatestURL.swift */; };
		0366BE14299824EE003F2AB1 /* LeaguesUrl.swift in Sources */ = {isa = PBXBuildFile; fileRef = 0366BE13299824EE003F2AB1 /* LeaguesUrl.swift */; };
		0366BE1629982500003F2AB1 /* TeamDetailsUrl.swift in Sources */ = {isa = PBXBuildFile; fileRef = 0366BE1529982500003F2AB1 /* TeamDetailsUrl.swift */; };
		0366BE182998264A003F2AB1 /* TeamUrlProtocol.swift in Sources */ = {isa = PBXBuildFile; fileRef = 0366BE172998264A003F2AB1 /* TeamUrlProtocol.swift */; };
		037D8B0929956C4100320870 /* LatestResultTableViewCell.xib in Resources */ = {isa = PBXBuildFile; fileRef = 037D8B0729956C4100320870 /* LatestResultTableViewCell.xib */; };
		037D8B0D29956D2B00320870 /* LatestVerCollectionViewCell.xib in Resources */ = {isa = PBXBuildFile; fileRef = 037D8B0B29956D2B00320870 /* LatestVerCollectionViewCell.xib */; };
		03C06936298A97A500322593 /* TeamsHorizintalTableViewCell.swift in Sources */ = {isa = PBXBuildFile; fileRef = 03C06934298A97A500322593 /* TeamsHorizintalTableViewCell.swift */; };
		03C06937298A97A500322593 /* TeamsHorizintalTableViewCell.xib in Resources */ = {isa = PBXBuildFile; fileRef = 03C06935298A97A500322593 /* TeamsHorizintalTableViewCell.xib */; };
		03C0693A298A98C700322593 /* TeamsCollectionViewCell.swift in Sources */ = {isa = PBXBuildFile; fileRef = 03C06938298A98C700322593 /* TeamsCollectionViewCell.swift */; };
		03C0693B298A98C700322593 /* TeamsCollectionViewCell.xib in Resources */ = {isa = PBXBuildFile; fileRef = 03C06939298A98C700322593 /* TeamsCollectionViewCell.xib */; };
		03CF15A32989DE170070AE16 /* SecondStoryboard.storyboard in Resources */ = {isa = PBXBuildFile; fileRef = 03CF15A22989DE170070AE16 /* SecondStoryboard.storyboard */; };
		03CF15A62989E0BA0070AE16 /* UpCommingTableViewCell.swift in Sources */ = {isa = PBXBuildFile; fileRef = 03CF15A42989E0BA0070AE16 /* UpCommingTableViewCell.swift */; };
		03CF15A72989E0BA0070AE16 /* UpCommingTableViewCell.xib in Resources */ = {isa = PBXBuildFile; fileRef = 03CF15A52989E0BA0070AE16 /* UpCommingTableViewCell.xib */; };
		03CF15A92989E3690070AE16 /* LeguesDetailsTableViewController.swift in Sources */ = {isa = PBXBuildFile; fileRef = 03CF15A82989E3690070AE16 /* LeguesDetailsTableViewController.swift */; };
		03CF15B42989E9530070AE16 /* HorizontalCollectionViewCell.swift in Sources */ = {isa = PBXBuildFile; fileRef = 03CF15B22989E9530070AE16 /* HorizontalCollectionViewCell.swift */; };
		03CF15B52989E9530070AE16 /* HorizontalCollectionViewCell.xib in Resources */ = {isa = PBXBuildFile; fileRef = 03CF15B32989E9530070AE16 /* HorizontalCollectionViewCell.xib */; };
		20D110BD413C443B42BF15D5 /* Pods_SportingAppTests.framework in Frameworks */ = {isa = PBXBuildFile; fileRef = D70E54954B9D710E07935598 /* Pods_SportingAppTests.framework */; };
		33E618AAA1DD33C6C7B92450 /* Pods_SportingApp.framework in Frameworks */ = {isa = PBXBuildFile; fileRef = 4D8BC47156A6F209AB572DFB /* Pods_SportingApp.framework */; };
		4CFFFAC0FE85950D20DA47D0 /* Pods_SportingApp.framework in Frameworks */ = {isa = PBXBuildFile; fileRef = 6BBF86EAC882CB0C829459FA /* Pods_SportingApp.framework */; };
		868F07F0491118FEFEE59956 /* Pods_SportingApp_SportingAppUITests.framework in Frameworks */ = {isa = PBXBuildFile; fileRef = CDE133FEC3E15C09DCD73644 /* Pods_SportingApp_SportingAppUITests.framework */; };
		A927883AF5615572A4DDEC8B /* Pods_SportingAppTests.framework in Frameworks */ = {isa = PBXBuildFile; fileRef = 768B6BD172B599169106D054 /* Pods_SportingAppTests.framework */; };
		ADC2A78D7B5EBCA5F1723970 /* Pods_SportingApp_SportingAppUITests.framework in Frameworks */ = {isa = PBXBuildFile; fileRef = 331B78C9E6959CDC80E15067 /* Pods_SportingApp_SportingAppUITests.framework */; };
		C90501292994342800B9380E /* FetchFromCoreViewModel.swift in Sources */ = {isa = PBXBuildFile; fileRef = C90501282994342800B9380E /* FetchFromCoreViewModel.swift */; };
		C905012B2994343D00B9380E /* SavetoCoreViewModel.swift in Sources */ = {isa = PBXBuildFile; fileRef = C905012A2994343D00B9380E /* SavetoCoreViewModel.swift */; };
		C905012E2994349700B9380E /* FetchFromCoreService.swift in Sources */ = {isa = PBXBuildFile; fileRef = C905012C2994349700B9380E /* FetchFromCoreService.swift */; };
		C905012F2994349700B9380E /* SaveToCoreService.swift in Sources */ = {isa = PBXBuildFile; fileRef = C905012D2994349700B9380E /* SaveToCoreService.swift */; };
		C90981C1298C1B4500471C23 /* APIHandler.swift in Sources */ = {isa = PBXBuildFile; fileRef = C90981C0298C1B4500471C23 /* APIHandler.swift */; };
		C90BE0D029967DB800AE7892 /* PlayerdetailsViewController.swift in Sources */ = {isa = PBXBuildFile; fileRef = C90BE0CF29967DB800AE7892 /* PlayerdetailsViewController.swift */; };
		C90BE0D229967DD100AE7892 /* TeamDetailsViewController.swift in Sources */ = {isa = PBXBuildFile; fileRef = C90BE0D129967DD100AE7892 /* TeamDetailsViewController.swift */; };
		C90BE0D429967DF300AE7892 /* LatestResultTableViewCell.swift in Sources */ = {isa = PBXBuildFile; fileRef = C90BE0D329967DF300AE7892 /* LatestResultTableViewCell.swift */; };
		C90BE0D629967E0A00AE7892 /* LatestVerCollectionViewCell.swift in Sources */ = {isa = PBXBuildFile; fileRef = C90BE0D529967E0A00AE7892 /* LatestVerCollectionViewCell.swift */; };
		C90BE0DC299682E600AE7892 /* DelegateForCell.swift in Sources */ = {isa = PBXBuildFile; fileRef = C90BE0DB299682E600AE7892 /* DelegateForCell.swift */; };
		C90BE0DE29969C2A00AE7892 /* DateConverter.swift in Sources */ = {isa = PBXBuildFile; fileRef = C90BE0DD29969C2A00AE7892 /* DateConverter.swift */; };
		C90C21962989BA43004CBC90 /* TableViewCell.xib in Resources */ = {isa = PBXBuildFile; fileRef = C90C21952989BA43004CBC90 /* TableViewCell.xib */; };
		C90C21982989BEEE004CBC90 /* LeaguesTableViewController.swift in Sources */ = {isa = PBXBuildFile; fileRef = C90C21972989BEEE004CBC90 /* LeaguesTableViewController.swift */; };
		C91A8121299C1CB500AF1B1D /* UITableViewCellExtension.swift in Sources */ = {isa = PBXBuildFile; fileRef = C91A8120299C1CB500AF1B1D /* UITableViewCellExtension.swift */; };
		C91A8123299C1CF700AF1B1D /* UITableViewExtension.swift in Sources */ = {isa = PBXBuildFile; fileRef = C91A8122299C1CF700AF1B1D /* UITableViewExtension.swift */; };
		C91A8125299C1D1500AF1B1D /* UICollectionViewExtension.swift in Sources */ = {isa = PBXBuildFile; fileRef = C91A8124299C1D1500AF1B1D /* UICollectionViewExtension.swift */; };
		C91A8127299C1D5C00AF1B1D /* UIImageViewExtension.swift in Sources */ = {isa = PBXBuildFile; fileRef = C91A8126299C1D5C00AF1B1D /* UIImageViewExtension.swift */; };
		C94121B5298AF43C00665DA7 /* SportCollectionViewCell.swift in Sources */ = {isa = PBXBuildFile; fileRef = C94121B4298AF43C00665DA7 /* SportCollectionViewCell.swift */; };
		C9477B3A298F0F72004B7327 /* LeagueViewModel.swift in Sources */ = {isa = PBXBuildFile; fileRef = C9477B39298F0F72004B7327 /* LeagueViewModel.swift */; };
		C94CFA6F2996E5B1005DA789 /* TennisDetails.swift in Sources */ = {isa = PBXBuildFile; fileRef = C94CFA6E2996E5B1005DA789 /* TennisDetails.swift */; };
		C94CFA712996E719005DA789 /* TennisPlayerDetials.swift in Sources */ = {isa = PBXBuildFile; fileRef = C94CFA702996E719005DA789 /* TennisPlayerDetials.swift */; };
		C94CFA732996EA15005DA789 /* TennisDetailsViewModel.swift in Sources */ = {isa = PBXBuildFile; fileRef = C94CFA722996EA15005DA789 /* TennisDetailsViewModel.swift */; };
		C94CFA75299708A9005DA789 /* DeleteFromCoreService.swift in Sources */ = {isa = PBXBuildFile; fileRef = C94CFA74299708A9005DA789 /* DeleteFromCoreService.swift */; };
		C94CFA7729970A80005DA789 /* DeleteFromCoreProtocol.swift in Sources */ = {isa = PBXBuildFile; fileRef = C94CFA7629970A80005DA789 /* DeleteFromCoreProtocol.swift */; };
		C94CFA7929970C18005DA789 /* DeleteFromCoreViewModel.swift in Sources */ = {isa = PBXBuildFile; fileRef = C94CFA7829970C18005DA789 /* DeleteFromCoreViewModel.swift */; };
		C958D3ED29895877006E82C4 /* AppDelegate.swift in Sources */ = {isa = PBXBuildFile; fileRef = C958D3EC29895877006E82C4 /* AppDelegate.swift */; };
		C958D3EF29895877006E82C4 /* SceneDelegate.swift in Sources */ = {isa = PBXBuildFile; fileRef = C958D3EE29895877006E82C4 /* SceneDelegate.swift */; };
		C958D3F429895877006E82C4 /* Main.storyboard in Resources */ = {isa = PBXBuildFile; fileRef = C958D3F229895877006E82C4 /* Main.storyboard */; };
		C958D3F729895877006E82C4 /* SportingApp.xcdatamodeld in Sources */ = {isa = PBXBuildFile; fileRef = C958D3F529895877006E82C4 /* SportingApp.xcdatamodeld */; };
		C958D3F929895878006E82C4 /* Assets.xcassets in Resources */ = {isa = PBXBuildFile; fileRef = C958D3F829895878006E82C4 /* Assets.xcassets */; };
		C958D3FC29895878006E82C4 /* LaunchScreen.storyboard in Resources */ = {isa = PBXBuildFile; fileRef = C958D3FA29895878006E82C4 /* LaunchScreen.storyboard */; };
		C958D40729895879006E82C4 /* SportingAppTests.swift in Sources */ = {isa = PBXBuildFile; fileRef = C958D40629895879006E82C4 /* SportingAppTests.swift */; };
		C958D41129895879006E82C4 /* SportingAppUITests.swift in Sources */ = {isa = PBXBuildFile; fileRef = C958D41029895879006E82C4 /* SportingAppUITests.swift */; };
		C958D41329895879006E82C4 /* SportingAppUITestsLaunchTests.swift in Sources */ = {isa = PBXBuildFile; fileRef = C958D41229895879006E82C4 /* SportingAppUITestsLaunchTests.swift */; };
		C958D421298986F8006E82C4 /* SportsCollectionViewCell.swift in Sources */ = {isa = PBXBuildFile; fileRef = C958D41F298986F8006E82C4 /* SportsCollectionViewCell.swift */; };
		C958D422298986F8006E82C4 /* SportsCollectionViewCell.xib in Resources */ = {isa = PBXBuildFile; fileRef = C958D420298986F8006E82C4 /* SportsCollectionViewCell.xib */; };
		C958D4242989874B006E82C4 /* SportsCollectionViewController.swift in Sources */ = {isa = PBXBuildFile; fileRef = C958D4232989874B006E82C4 /* SportsCollectionViewController.swift */; };
		C958D42B2989A14F006E82C4 /* TableViewCell.swift in Sources */ = {isa = PBXBuildFile; fileRef = C958D4292989A14F006E82C4 /* TableViewCell.swift */; };
		C958D42E2989A3D1006E82C4 /* FavoriteTableViewController.swift in Sources */ = {isa = PBXBuildFile; fileRef = C958D42D2989A3D1006E82C4 /* FavoriteTableViewController.swift */; };
		C97F360029956296003D0683 /* CoreDataManager.swift in Sources */ = {isa = PBXBuildFile; fileRef = C97F35FF29956296003D0683 /* CoreDataManager.swift */; };
		C97F360229956A52003D0683 /* FetchFromCoreProtocol.swift in Sources */ = {isa = PBXBuildFile; fileRef = C97F360129956A52003D0683 /* FetchFromCoreProtocol.swift */; };
		C97F360429956A8A003D0683 /* SavetoCoreProtocol.swift in Sources */ = {isa = PBXBuildFile; fileRef = C97F360329956A8A003D0683 /* SavetoCoreProtocol.swift */; };
		C97F360629957204003D0683 /* ConvertToLeagueDetails.swift in Sources */ = {isa = PBXBuildFile; fileRef = C97F360529957204003D0683 /* ConvertToLeagueDetails.swift */; };
		C97F360829957512003D0683 /* ConvertToLeagueDetailsProtocol.swift in Sources */ = {isa = PBXBuildFile; fileRef = C97F360729957512003D0683 /* ConvertToLeagueDetailsProtocol.swift */; };
		C9899C6B298D53FF00C6C74C /* APIResponse.swift in Sources */ = {isa = PBXBuildFile; fileRef = C9899C6A298D53FF00C6C74C /* APIResponse.swift */; };
		C9961E93298DB6E300AAE7E8 /* TeamDetails.swift in Sources */ = {isa = PBXBuildFile; fileRef = C9961E92298DB6E300AAE7E8 /* TeamDetails.swift */; };
		C9961E95298DB7AD00AAE7E8 /* PlayerDetails.swift in Sources */ = {isa = PBXBuildFile; fileRef = C9961E94298DB7AD00AAE7E8 /* PlayerDetails.swift */; };
		C9961E97298DB90200AAE7E8 /* CoachDetails.swift in Sources */ = {isa = PBXBuildFile; fileRef = C9961E96298DB90200AAE7E8 /* CoachDetails.swift */; };
		C9961E99298DB9D500AAE7E8 /* LeagueDetails.swift in Sources */ = {isa = PBXBuildFile; fileRef = C9961E98298DB9D500AAE7E8 /* LeagueDetails.swift */; };
		C9961E9B298DBBE200AAE7E8 /* EventDetails.swift in Sources */ = {isa = PBXBuildFile; fileRef = C9961E9A298DBBE200AAE7E8 /* EventDetails.swift */; };
		C9961E9D298DCA5B00AAE7E8 /* Sport.swift in Sources */ = {isa = PBXBuildFile; fileRef = C9961E9C298DCA5B00AAE7E8 /* Sport.swift */; };
		C9961EA0298DD74400AAE7E8 /* HelperFunctions.swift in Sources */ = {isa = PBXBuildFile; fileRef = C9961E9F298DD74400AAE7E8 /* HelperFunctions.swift */; };
		C9961EA2298DDB7000AAE7E8 /* JSONDecoder.swift in Sources */ = {isa = PBXBuildFile; fileRef = C9961EA1298DDB7000AAE7E8 /* JSONDecoder.swift */; };
		C9961EA6298DDBFC00AAE7E8 /* URLService.swift in Sources */ = {isa = PBXBuildFile; fileRef = C9961EA5298DDBFC00AAE7E8 /* URLService.swift */; };
		C9961EAA298DEE1C00AAE7E8 /* RenderProtocol.swift in Sources */ = {isa = PBXBuildFile; fileRef = C9961EA9298DEE1C00AAE7E8 /* RenderProtocol.swift */; };
		C9B4610E299AB20700175BAF /* MockNetworkManager.swift in Sources */ = {isa = PBXBuildFile; fileRef = C9B4610D299AB20700175BAF /* MockNetworkManager.swift */; };
		C9B46110299AB57E00175BAF /* NetworkManagementProtocol.swift in Sources */ = {isa = PBXBuildFile; fileRef = C9B4610F299AB57E00175BAF /* NetworkManagementProtocol.swift */; };
		C9B46112299AB9E800175BAF /* MockNetworkManagerTests.swift in Sources */ = {isa = PBXBuildFile; fileRef = C9B46111299AB9E800175BAF /* MockNetworkManagerTests.swift */; };
		C9F08638299BB47A00DE891C /* LaunchScreenAnimationViewController.swift in Sources */ = {isa = PBXBuildFile; fileRef = C9F08637299BB47A00DE891C /* LaunchScreenAnimationViewController.swift */; };
/* End PBXBuildFile section */

/* Begin PBXContainerItemProxy section */
		C958D40329895879006E82C4 /* PBXContainerItemProxy */ = {
			isa = PBXContainerItemProxy;
			containerPortal = C958D3E129895877006E82C4 /* Project object */;
			proxyType = 1;
			remoteGlobalIDString = C958D3E829895877006E82C4;
			remoteInfo = SportingApp;
		};
		C958D40D29895879006E82C4 /* PBXContainerItemProxy */ = {
			isa = PBXContainerItemProxy;
			containerPortal = C958D3E129895877006E82C4 /* Project object */;
			proxyType = 1;
			remoteGlobalIDString = C958D3E829895877006E82C4;
			remoteInfo = SportingApp;
		};
/* End PBXContainerItemProxy section */

/* Begin PBXFileReference section */
		033AFABD299457C800E44036 /* TeamDetailsViewModel.swift */ = {isa = PBXFileReference; lastKnownFileType = sourcecode.swift; path = TeamDetailsViewModel.swift; sourceTree = "<group>"; };
		036385AB2990218D00614AA3 /* LeagueDetailsViewModel.swift */ = {isa = PBXFileReference; lastKnownFileType = sourcecode.swift; path = LeagueDetailsViewModel.swift; sourceTree = "<group>"; };
		0366BDFF2997ADA5003F2AB1 /* LegueDetailsViewController.swift */ = {isa = PBXFileReference; lastKnownFileType = sourcecode.swift; path = LegueDetailsViewController.swift; sourceTree = "<group>"; };
		0366BE0529981D2A003F2AB1 /* TestAPI.swift */ = {isa = PBXFileReference; lastKnownFileType = sourcecode.swift; path = TestAPI.swift; sourceTree = "<group>"; };
		0366BE092998238D003F2AB1 /* URLForLeagueProtocol.swift */ = {isa = PBXFileReference; lastKnownFileType = sourcecode.swift; path = URLForLeagueProtocol.swift; sourceTree = "<group>"; };
		0366BE0B299823A1003F2AB1 /* URLForUpcommingEventProtocol.swift */ = {isa = PBXFileReference; lastKnownFileType = sourcecode.swift; path = URLForUpcommingEventProtocol.swift; sourceTree = "<group>"; };
		0366BE0D299823B6003F2AB1 /* URLForLatestEventProtocol.swift */ = {isa = PBXFileReference; lastKnownFileType = sourcecode.swift; path = URLForLatestEventProtocol.swift; sourceTree = "<group>"; };
		0366BE0F299824D6003F2AB1 /* UpcomingUrl.swift */ = {isa = PBXFileReference; lastKnownFileType = sourcecode.swift; path = UpcomingUrl.swift; sourceTree = "<group>"; };
		0366BE11299824E2003F2AB1 /* LatestURL.swift */ = {isa = PBXFileReference; lastKnownFileType = sourcecode.swift; path = LatestURL.swift; sourceTree = "<group>"; };
		0366BE13299824EE003F2AB1 /* LeaguesUrl.swift */ = {isa = PBXFileReference; lastKnownFileType = sourcecode.swift; path = LeaguesUrl.swift; sourceTree = "<group>"; };
		0366BE1529982500003F2AB1 /* TeamDetailsUrl.swift */ = {isa = PBXFileReference; lastKnownFileType = sourcecode.swift; path = TeamDetailsUrl.swift; sourceTree = "<group>"; };
		0366BE172998264A003F2AB1 /* TeamUrlProtocol.swift */ = {isa = PBXFileReference; lastKnownFileType = sourcecode.swift; path = TeamUrlProtocol.swift; sourceTree = "<group>"; };
		037D8B0729956C4100320870 /* LatestResultTableViewCell.xib */ = {isa = PBXFileReference; lastKnownFileType = file.xib; path = LatestResultTableViewCell.xib; sourceTree = "<group>"; };
		037D8B0B29956D2B00320870 /* LatestVerCollectionViewCell.xib */ = {isa = PBXFileReference; lastKnownFileType = file.xib; path = LatestVerCollectionViewCell.xib; sourceTree = "<group>"; };
		03C06934298A97A500322593 /* TeamsHorizintalTableViewCell.swift */ = {isa = PBXFileReference; lastKnownFileType = sourcecode.swift; path = TeamsHorizintalTableViewCell.swift; sourceTree = "<group>"; };
		03C06935298A97A500322593 /* TeamsHorizintalTableViewCell.xib */ = {isa = PBXFileReference; lastKnownFileType = file.xib; path = TeamsHorizintalTableViewCell.xib; sourceTree = "<group>"; };
		03C06938298A98C700322593 /* TeamsCollectionViewCell.swift */ = {isa = PBXFileReference; lastKnownFileType = sourcecode.swift; path = TeamsCollectionViewCell.swift; sourceTree = "<group>"; };
		03C06939298A98C700322593 /* TeamsCollectionViewCell.xib */ = {isa = PBXFileReference; lastKnownFileType = file.xib; path = TeamsCollectionViewCell.xib; sourceTree = "<group>"; };
		03CF15A22989DE170070AE16 /* SecondStoryboard.storyboard */ = {isa = PBXFileReference; lastKnownFileType = file.storyboard; path = SecondStoryboard.storyboard; sourceTree = "<group>"; };
		03CF15A42989E0BA0070AE16 /* UpCommingTableViewCell.swift */ = {isa = PBXFileReference; lastKnownFileType = sourcecode.swift; path = UpCommingTableViewCell.swift; sourceTree = "<group>"; };
		03CF15A52989E0BA0070AE16 /* UpCommingTableViewCell.xib */ = {isa = PBXFileReference; lastKnownFileType = file.xib; path = UpCommingTableViewCell.xib; sourceTree = "<group>"; };
		03CF15A82989E3690070AE16 /* LeguesDetailsTableViewController.swift */ = {isa = PBXFileReference; lastKnownFileType = sourcecode.swift; path = LeguesDetailsTableViewController.swift; sourceTree = "<group>"; };
		03CF15B22989E9530070AE16 /* HorizontalCollectionViewCell.swift */ = {isa = PBXFileReference; lastKnownFileType = sourcecode.swift; path = HorizontalCollectionViewCell.swift; sourceTree = "<group>"; };
		03CF15B32989E9530070AE16 /* HorizontalCollectionViewCell.xib */ = {isa = PBXFileReference; lastKnownFileType = file.xib; path = HorizontalCollectionViewCell.xib; sourceTree = "<group>"; };
		229BF2EA7329CF76E2058596 /* Pods-SportingApp.release.xcconfig */ = {isa = PBXFileReference; includeInIndex = 1; lastKnownFileType = text.xcconfig; name = "Pods-SportingApp.release.xcconfig"; path = "Target Support Files/Pods-SportingApp/Pods-SportingApp.release.xcconfig"; sourceTree = "<group>"; };
		3129249EBFB6B60F17D95F6F /* Pods-SportingApp-SportingAppUITests.release.xcconfig */ = {isa = PBXFileReference; includeInIndex = 1; lastKnownFileType = text.xcconfig; name = "Pods-SportingApp-SportingAppUITests.release.xcconfig"; path = "Target Support Files/Pods-SportingApp-SportingAppUITests/Pods-SportingApp-SportingAppUITests.release.xcconfig"; sourceTree = "<group>"; };
		331B78C9E6959CDC80E15067 /* Pods_SportingApp_SportingAppUITests.framework */ = {isa = PBXFileReference; explicitFileType = wrapper.framework; includeInIndex = 0; path = Pods_SportingApp_SportingAppUITests.framework; sourceTree = BUILT_PRODUCTS_DIR; };
		3FBAC3CC9C3AD587A045BA29 /* Pods-SportingApp-SportingAppUITests.debug.xcconfig */ = {isa = PBXFileReference; includeInIndex = 1; lastKnownFileType = text.xcconfig; name = "Pods-SportingApp-SportingAppUITests.debug.xcconfig"; path = "Target Support Files/Pods-SportingApp-SportingAppUITests/Pods-SportingApp-SportingAppUITests.debug.xcconfig"; sourceTree = "<group>"; };
		4D8BC47156A6F209AB572DFB /* Pods_SportingApp.framework */ = {isa = PBXFileReference; explicitFileType = wrapper.framework; includeInIndex = 0; path = Pods_SportingApp.framework; sourceTree = BUILT_PRODUCTS_DIR; };
		6BBF86EAC882CB0C829459FA /* Pods_SportingApp.framework */ = {isa = PBXFileReference; explicitFileType = wrapper.framework; includeInIndex = 0; path = Pods_SportingApp.framework; sourceTree = BUILT_PRODUCTS_DIR; };
		73D2BFCC9D81161F68ADF90C /* Pods-SportingApp.debug.xcconfig */ = {isa = PBXFileReference; includeInIndex = 1; lastKnownFileType = text.xcconfig; name = "Pods-SportingApp.debug.xcconfig"; path = "Target Support Files/Pods-SportingApp/Pods-SportingApp.debug.xcconfig"; sourceTree = "<group>"; };
		768B6BD172B599169106D054 /* Pods_SportingAppTests.framework */ = {isa = PBXFileReference; explicitFileType = wrapper.framework; includeInIndex = 0; path = Pods_SportingAppTests.framework; sourceTree = BUILT_PRODUCTS_DIR; };
		7F5344594BAC59D7459BCDFB /* Pods-SportingAppTests.release.xcconfig */ = {isa = PBXFileReference; includeInIndex = 1; lastKnownFileType = text.xcconfig; name = "Pods-SportingAppTests.release.xcconfig"; path = "Target Support Files/Pods-SportingAppTests/Pods-SportingAppTests.release.xcconfig"; sourceTree = "<group>"; };
		7F6D1514061CC3D8853F5A75 /* Pods-SportingAppTests.debug.xcconfig */ = {isa = PBXFileReference; includeInIndex = 1; lastKnownFileType = text.xcconfig; name = "Pods-SportingAppTests.debug.xcconfig"; path = "Target Support Files/Pods-SportingAppTests/Pods-SportingAppTests.debug.xcconfig"; sourceTree = "<group>"; };
		C90501282994342800B9380E /* FetchFromCoreViewModel.swift */ = {isa = PBXFileReference; fileEncoding = 4; lastKnownFileType = sourcecode.swift; path = FetchFromCoreViewModel.swift; sourceTree = "<group>"; };
		C905012A2994343D00B9380E /* SavetoCoreViewModel.swift */ = {isa = PBXFileReference; fileEncoding = 4; lastKnownFileType = sourcecode.swift; path = SavetoCoreViewModel.swift; sourceTree = "<group>"; };
		C905012C2994349700B9380E /* FetchFromCoreService.swift */ = {isa = PBXFileReference; fileEncoding = 4; lastKnownFileType = sourcecode.swift; path = FetchFromCoreService.swift; sourceTree = "<group>"; };
		C905012D2994349700B9380E /* SaveToCoreService.swift */ = {isa = PBXFileReference; fileEncoding = 4; lastKnownFileType = sourcecode.swift; path = SaveToCoreService.swift; sourceTree = "<group>"; };
		C90981C0298C1B4500471C23 /* APIHandler.swift */ = {isa = PBXFileReference; lastKnownFileType = sourcecode.swift; path = APIHandler.swift; sourceTree = "<group>"; };
		C90BE0CF29967DB800AE7892 /* PlayerdetailsViewController.swift */ = {isa = PBXFileReference; fileEncoding = 4; lastKnownFileType = sourcecode.swift; name = PlayerdetailsViewController.swift; path = SportingApp/View/Controllers/PlayerdetailsViewController.swift; sourceTree = SOURCE_ROOT; };
		C90BE0D129967DD100AE7892 /* TeamDetailsViewController.swift */ = {isa = PBXFileReference; fileEncoding = 4; lastKnownFileType = sourcecode.swift; name = TeamDetailsViewController.swift; path = SportingApp/View/Controllers/TeamDetailsViewController.swift; sourceTree = SOURCE_ROOT; };
		C90BE0D329967DF300AE7892 /* LatestResultTableViewCell.swift */ = {isa = PBXFileReference; fileEncoding = 4; lastKnownFileType = sourcecode.swift; name = LatestResultTableViewCell.swift; path = SportingApp/View/Controllers/LatestResultTableViewCell.swift; sourceTree = SOURCE_ROOT; };
		C90BE0D529967E0A00AE7892 /* LatestVerCollectionViewCell.swift */ = {isa = PBXFileReference; fileEncoding = 4; lastKnownFileType = sourcecode.swift; name = LatestVerCollectionViewCell.swift; path = SportingApp/View/Controllers/LatestVerCollectionViewCell.swift; sourceTree = SOURCE_ROOT; };
		C90BE0DB299682E600AE7892 /* DelegateForCell.swift */ = {isa = PBXFileReference; lastKnownFileType = sourcecode.swift; path = DelegateForCell.swift; sourceTree = "<group>"; };
		C90BE0DD29969C2A00AE7892 /* DateConverter.swift */ = {isa = PBXFileReference; lastKnownFileType = sourcecode.swift; path = DateConverter.swift; sourceTree = "<group>"; };
		C90C21952989BA43004CBC90 /* TableViewCell.xib */ = {isa = PBXFileReference; fileEncoding = 4; lastKnownFileType = file.xib; path = TableViewCell.xib; sourceTree = "<group>"; };
		C90C21972989BEEE004CBC90 /* LeaguesTableViewController.swift */ = {isa = PBXFileReference; lastKnownFileType = sourcecode.swift; path = LeaguesTableViewController.swift; sourceTree = "<group>"; };
		C91A8120299C1CB500AF1B1D /* UITableViewCellExtension.swift */ = {isa = PBXFileReference; lastKnownFileType = sourcecode.swift; path = UITableViewCellExtension.swift; sourceTree = "<group>"; };
		C91A8122299C1CF700AF1B1D /* UITableViewExtension.swift */ = {isa = PBXFileReference; lastKnownFileType = sourcecode.swift; path = UITableViewExtension.swift; sourceTree = "<group>"; };
		C91A8124299C1D1500AF1B1D /* UICollectionViewExtension.swift */ = {isa = PBXFileReference; lastKnownFileType = sourcecode.swift; path = UICollectionViewExtension.swift; sourceTree = "<group>"; };
		C91A8126299C1D5C00AF1B1D /* UIImageViewExtension.swift */ = {isa = PBXFileReference; lastKnownFileType = sourcecode.swift; path = UIImageViewExtension.swift; sourceTree = "<group>"; };
		C94121B4298AF43C00665DA7 /* SportCollectionViewCell.swift */ = {isa = PBXFileReference; lastKnownFileType = sourcecode.swift; path = SportCollectionViewCell.swift; sourceTree = "<group>"; };
		C9477B39298F0F72004B7327 /* LeagueViewModel.swift */ = {isa = PBXFileReference; lastKnownFileType = sourcecode.swift; path = LeagueViewModel.swift; sourceTree = "<group>"; };
		C94CFA6E2996E5B1005DA789 /* TennisDetails.swift */ = {isa = PBXFileReference; lastKnownFileType = sourcecode.swift; path = TennisDetails.swift; sourceTree = "<group>"; };
		C94CFA702996E719005DA789 /* TennisPlayerDetials.swift */ = {isa = PBXFileReference; lastKnownFileType = sourcecode.swift; path = TennisPlayerDetials.swift; sourceTree = "<group>"; };
		C94CFA722996EA15005DA789 /* TennisDetailsViewModel.swift */ = {isa = PBXFileReference; lastKnownFileType = sourcecode.swift; path = TennisDetailsViewModel.swift; sourceTree = "<group>"; };
		C94CFA74299708A9005DA789 /* DeleteFromCoreService.swift */ = {isa = PBXFileReference; lastKnownFileType = sourcecode.swift; path = DeleteFromCoreService.swift; sourceTree = "<group>"; };
		C94CFA7629970A80005DA789 /* DeleteFromCoreProtocol.swift */ = {isa = PBXFileReference; lastKnownFileType = sourcecode.swift; path = DeleteFromCoreProtocol.swift; sourceTree = "<group>"; };
		C94CFA7829970C18005DA789 /* DeleteFromCoreViewModel.swift */ = {isa = PBXFileReference; lastKnownFileType = sourcecode.swift; path = DeleteFromCoreViewModel.swift; sourceTree = "<group>"; };
		C958D3E929895877006E82C4 /* SportingApp.app */ = {isa = PBXFileReference; explicitFileType = wrapper.application; includeInIndex = 0; path = SportingApp.app; sourceTree = BUILT_PRODUCTS_DIR; };
		C958D3EC29895877006E82C4 /* AppDelegate.swift */ = {isa = PBXFileReference; lastKnownFileType = sourcecode.swift; path = AppDelegate.swift; sourceTree = "<group>"; };
		C958D3EE29895877006E82C4 /* SceneDelegate.swift */ = {isa = PBXFileReference; lastKnownFileType = sourcecode.swift; path = SceneDelegate.swift; sourceTree = "<group>"; };
		C958D3F329895877006E82C4 /* Base */ = {isa = PBXFileReference; lastKnownFileType = file.storyboard; name = Base; path = Base.lproj/Main.storyboard; sourceTree = "<group>"; };
		C958D3F629895877006E82C4 /* SportingApp.xcdatamodel */ = {isa = PBXFileReference; lastKnownFileType = wrapper.xcdatamodel; path = SportingApp.xcdatamodel; sourceTree = "<group>"; };
		C958D3F829895878006E82C4 /* Assets.xcassets */ = {isa = PBXFileReference; lastKnownFileType = folder.assetcatalog; path = Assets.xcassets; sourceTree = "<group>"; };
		C958D3FB29895878006E82C4 /* Base */ = {isa = PBXFileReference; lastKnownFileType = file.storyboard; name = Base; path = Base.lproj/LaunchScreen.storyboard; sourceTree = "<group>"; };
		C958D3FD29895878006E82C4 /* Info.plist */ = {isa = PBXFileReference; lastKnownFileType = text.plist.xml; path = Info.plist; sourceTree = "<group>"; };
		C958D40229895879006E82C4 /* SportingAppTests.xctest */ = {isa = PBXFileReference; explicitFileType = wrapper.cfbundle; includeInIndex = 0; path = SportingAppTests.xctest; sourceTree = BUILT_PRODUCTS_DIR; };
		C958D40629895879006E82C4 /* SportingAppTests.swift */ = {isa = PBXFileReference; lastKnownFileType = sourcecode.swift; path = SportingAppTests.swift; sourceTree = "<group>"; };
		C958D40C29895879006E82C4 /* SportingAppUITests.xctest */ = {isa = PBXFileReference; explicitFileType = wrapper.cfbundle; includeInIndex = 0; path = SportingAppUITests.xctest; sourceTree = BUILT_PRODUCTS_DIR; };
		C958D41029895879006E82C4 /* SportingAppUITests.swift */ = {isa = PBXFileReference; lastKnownFileType = sourcecode.swift; path = SportingAppUITests.swift; sourceTree = "<group>"; };
		C958D41229895879006E82C4 /* SportingAppUITestsLaunchTests.swift */ = {isa = PBXFileReference; lastKnownFileType = sourcecode.swift; path = SportingAppUITestsLaunchTests.swift; sourceTree = "<group>"; };
		C958D41F298986F8006E82C4 /* SportsCollectionViewCell.swift */ = {isa = PBXFileReference; lastKnownFileType = sourcecode.swift; path = SportsCollectionViewCell.swift; sourceTree = "<group>"; };
		C958D420298986F8006E82C4 /* SportsCollectionViewCell.xib */ = {isa = PBXFileReference; lastKnownFileType = file.xib; path = SportsCollectionViewCell.xib; sourceTree = "<group>"; };
		C958D4232989874B006E82C4 /* SportsCollectionViewController.swift */ = {isa = PBXFileReference; lastKnownFileType = sourcecode.swift; path = SportsCollectionViewController.swift; sourceTree = "<group>"; };
		C958D4292989A14F006E82C4 /* TableViewCell.swift */ = {isa = PBXFileReference; lastKnownFileType = sourcecode.swift; path = TableViewCell.swift; sourceTree = "<group>"; };
		C958D42D2989A3D1006E82C4 /* FavoriteTableViewController.swift */ = {isa = PBXFileReference; lastKnownFileType = sourcecode.swift; path = FavoriteTableViewController.swift; sourceTree = "<group>"; };
		C97F35FF29956296003D0683 /* CoreDataManager.swift */ = {isa = PBXFileReference; lastKnownFileType = sourcecode.swift; path = CoreDataManager.swift; sourceTree = "<group>"; };
		C97F360129956A52003D0683 /* FetchFromCoreProtocol.swift */ = {isa = PBXFileReference; lastKnownFileType = sourcecode.swift; path = FetchFromCoreProtocol.swift; sourceTree = "<group>"; };
		C97F360329956A8A003D0683 /* SavetoCoreProtocol.swift */ = {isa = PBXFileReference; lastKnownFileType = sourcecode.swift; path = SavetoCoreProtocol.swift; sourceTree = "<group>"; };
		C97F360529957204003D0683 /* ConvertToLeagueDetails.swift */ = {isa = PBXFileReference; lastKnownFileType = sourcecode.swift; path = ConvertToLeagueDetails.swift; sourceTree = "<group>"; };
		C97F360729957512003D0683 /* ConvertToLeagueDetailsProtocol.swift */ = {isa = PBXFileReference; lastKnownFileType = sourcecode.swift; path = ConvertToLeagueDetailsProtocol.swift; sourceTree = "<group>"; };
		C9899C6A298D53FF00C6C74C /* APIResponse.swift */ = {isa = PBXFileReference; lastKnownFileType = sourcecode.swift; path = APIResponse.swift; sourceTree = "<group>"; };
		C9961E92298DB6E300AAE7E8 /* TeamDetails.swift */ = {isa = PBXFileReference; lastKnownFileType = sourcecode.swift; path = TeamDetails.swift; sourceTree = "<group>"; };
		C9961E94298DB7AD00AAE7E8 /* PlayerDetails.swift */ = {isa = PBXFileReference; lastKnownFileType = sourcecode.swift; path = PlayerDetails.swift; sourceTree = "<group>"; };
		C9961E96298DB90200AAE7E8 /* CoachDetails.swift */ = {isa = PBXFileReference; lastKnownFileType = sourcecode.swift; path = CoachDetails.swift; sourceTree = "<group>"; };
		C9961E98298DB9D500AAE7E8 /* LeagueDetails.swift */ = {isa = PBXFileReference; lastKnownFileType = sourcecode.swift; path = LeagueDetails.swift; sourceTree = "<group>"; };
		C9961E9A298DBBE200AAE7E8 /* EventDetails.swift */ = {isa = PBXFileReference; lastKnownFileType = sourcecode.swift; path = EventDetails.swift; sourceTree = "<group>"; };
		C9961E9C298DCA5B00AAE7E8 /* Sport.swift */ = {isa = PBXFileReference; lastKnownFileType = sourcecode.swift; path = Sport.swift; sourceTree = "<group>"; };
		C9961E9F298DD74400AAE7E8 /* HelperFunctions.swift */ = {isa = PBXFileReference; lastKnownFileType = sourcecode.swift; path = HelperFunctions.swift; sourceTree = "<group>"; };
		C9961EA1298DDB7000AAE7E8 /* JSONDecoder.swift */ = {isa = PBXFileReference; lastKnownFileType = sourcecode.swift; path = JSONDecoder.swift; sourceTree = "<group>"; };
		C9961EA5298DDBFC00AAE7E8 /* URLService.swift */ = {isa = PBXFileReference; lastKnownFileType = sourcecode.swift; path = URLService.swift; sourceTree = "<group>"; };
		C9961EA9298DEE1C00AAE7E8 /* RenderProtocol.swift */ = {isa = PBXFileReference; lastKnownFileType = sourcecode.swift; path = RenderProtocol.swift; sourceTree = "<group>"; };
		C9B4610D299AB20700175BAF /* MockNetworkManager.swift */ = {isa = PBXFileReference; lastKnownFileType = sourcecode.swift; path = MockNetworkManager.swift; sourceTree = "<group>"; };
		C9B4610F299AB57E00175BAF /* NetworkManagementProtocol.swift */ = {isa = PBXFileReference; lastKnownFileType = sourcecode.swift; path = NetworkManagementProtocol.swift; sourceTree = "<group>"; };
		C9B46111299AB9E800175BAF /* MockNetworkManagerTests.swift */ = {isa = PBXFileReference; lastKnownFileType = sourcecode.swift; path = MockNetworkManagerTests.swift; sourceTree = "<group>"; };
		C9F08637299BB47A00DE891C /* LaunchScreenAnimationViewController.swift */ = {isa = PBXFileReference; lastKnownFileType = sourcecode.swift; path = LaunchScreenAnimationViewController.swift; sourceTree = "<group>"; };
		CDE133FEC3E15C09DCD73644 /* Pods_SportingApp_SportingAppUITests.framework */ = {isa = PBXFileReference; explicitFileType = wrapper.framework; includeInIndex = 0; path = Pods_SportingApp_SportingAppUITests.framework; sourceTree = BUILT_PRODUCTS_DIR; };
		D70E54954B9D710E07935598 /* Pods_SportingAppTests.framework */ = {isa = PBXFileReference; explicitFileType = wrapper.framework; includeInIndex = 0; path = Pods_SportingAppTests.framework; sourceTree = BUILT_PRODUCTS_DIR; };
/* End PBXFileReference section */

/* Begin PBXFrameworksBuildPhase section */
		C958D3E629895877006E82C4 /* Frameworks */ = {
			isa = PBXFrameworksBuildPhase;
			buildActionMask = 2147483647;
			files = (
				33E618AAA1DD33C6C7B92450 /* Pods_SportingApp.framework in Frameworks */,
				4CFFFAC0FE85950D20DA47D0 /* Pods_SportingApp.framework in Frameworks */,
			);
			runOnlyForDeploymentPostprocessing = 0;
		};
		C958D3FF29895879006E82C4 /* Frameworks */ = {
			isa = PBXFrameworksBuildPhase;
			buildActionMask = 2147483647;
			files = (
				A927883AF5615572A4DDEC8B /* Pods_SportingAppTests.framework in Frameworks */,
				20D110BD413C443B42BF15D5 /* Pods_SportingAppTests.framework in Frameworks */,
			);
			runOnlyForDeploymentPostprocessing = 0;
		};
		C958D40929895879006E82C4 /* Frameworks */ = {
			isa = PBXFrameworksBuildPhase;
			buildActionMask = 2147483647;
			files = (
				ADC2A78D7B5EBCA5F1723970 /* Pods_SportingApp_SportingAppUITests.framework in Frameworks */,
				868F07F0491118FEFEE59956 /* Pods_SportingApp_SportingAppUITests.framework in Frameworks */,
			);
			runOnlyForDeploymentPostprocessing = 0;
		};
/* End PBXFrameworksBuildPhase section */

/* Begin PBXGroup section */
		3C3564CFA7F2F93FD24D8D8D /* Frameworks */ = {
			isa = PBXGroup;
			children = (
				6BBF86EAC882CB0C829459FA /* Pods_SportingApp.framework */,
				CDE133FEC3E15C09DCD73644 /* Pods_SportingApp_SportingAppUITests.framework */,
				D70E54954B9D710E07935598 /* Pods_SportingAppTests.framework */,
			);
			name = Frameworks;
			sourceTree = "<group>";
		};
		9D17F5DD1355DBF0AA75E5BC /* Pods */ = {
			isa = PBXGroup;
			children = (
				73D2BFCC9D81161F68ADF90C /* Pods-SportingApp.debug.xcconfig */,
				229BF2EA7329CF76E2058596 /* Pods-SportingApp.release.xcconfig */,
				3FBAC3CC9C3AD587A045BA29 /* Pods-SportingApp-SportingAppUITests.debug.xcconfig */,
				3129249EBFB6B60F17D95F6F /* Pods-SportingApp-SportingAppUITests.release.xcconfig */,
				7F6D1514061CC3D8853F5A75 /* Pods-SportingAppTests.debug.xcconfig */,
				7F5344594BAC59D7459BCDFB /* Pods-SportingAppTests.release.xcconfig */,
			);
			path = Pods;
			sourceTree = "<group>";
		};
		C90501272994337500B9380E /* Recovered References */ = {
			isa = PBXGroup;
			children = (
				4D8BC47156A6F209AB572DFB /* Pods_SportingApp.framework */,
				768B6BD172B599169106D054 /* Pods_SportingAppTests.framework */,
				331B78C9E6959CDC80E15067 /* Pods_SportingApp_SportingAppUITests.framework */,
			);
			name = "Recovered References";
			sourceTree = "<group>";
		};
		C90981BF298C1B2100471C23 /* Services */ = {
			isa = PBXGroup;
			children = (
				C9B4610C299AB19B00175BAF /* Network Services */,
				C9FFD5B52993A511004E3B7F /* CoreDataServices */,
			);
			path = Services;
			sourceTree = "<group>";
		};
		C91A811F299C1A1D00AF1B1D /* UIExtentions */ = {
			isa = PBXGroup;
			children = (
				C91A8120299C1CB500AF1B1D /* UITableViewCellExtension.swift */,
				C91A8122299C1CF700AF1B1D /* UITableViewExtension.swift */,
				C91A8124299C1D1500AF1B1D /* UICollectionViewExtension.swift */,
				C91A8126299C1D5C00AF1B1D /* UIImageViewExtension.swift */,
			);
			path = UIExtentions;
			sourceTree = "<group>";
		};
		C92D4E7D2992AF2400461DAC /* views */ = {
			isa = PBXGroup;
			children = (
				C958D3F229895877006E82C4 /* Main.storyboard */,
				C90C21952989BA43004CBC90 /* TableViewCell.xib */,
				C958D420298986F8006E82C4 /* SportsCollectionViewCell.xib */,
				03CF15A22989DE170070AE16 /* SecondStoryboard.storyboard */,
				03CF15A52989E0BA0070AE16 /* UpCommingTableViewCell.xib */,
				03CF15B32989E9530070AE16 /* HorizontalCollectionViewCell.xib */,
				03C06935298A97A500322593 /* TeamsHorizintalTableViewCell.xib */,
				037D8B0729956C4100320870 /* LatestResultTableViewCell.xib */,
				037D8B0B29956D2B00320870 /* LatestVerCollectionViewCell.xib */,
				03C06939298A98C700322593 /* TeamsCollectionViewCell.xib */,
			);
			path = views;
			sourceTree = "<group>";
		};
		C958D3E029895877006E82C4 = {
			isa = PBXGroup;
			children = (
				C958D3EB29895877006E82C4 /* SportingApp */,
				C958D40529895879006E82C4 /* SportingAppTests */,
				C958D40F29895879006E82C4 /* SportingAppUITests */,
				C958D3EA29895877006E82C4 /* Products */,
				9D17F5DD1355DBF0AA75E5BC /* Pods */,
				3C3564CFA7F2F93FD24D8D8D /* Frameworks */,
				C90501272994337500B9380E /* Recovered References */,
			);
			sourceTree = "<group>";
		};
		C958D3EA29895877006E82C4 /* Products */ = {
			isa = PBXGroup;
			children = (
				C958D3E929895877006E82C4 /* SportingApp.app */,
				C958D40229895879006E82C4 /* SportingAppTests.xctest */,
				C958D40C29895879006E82C4 /* SportingAppUITests.xctest */,
			);
			name = Products;
			sourceTree = "<group>";
		};
		C958D3EB29895877006E82C4 /* SportingApp */ = {
			isa = PBXGroup;
			children = (
				C97F35FE29955949003D0683 /* Utils */,
				C97F35FD29955905003D0683 /* Resources */,
				C97F35FC29954AC4003D0683 /* Core */,
				C9FFD5C52993BFDD004E3B7F /* Contract */,
				C9961E9E298DD4F400AAE7E8 /* ViewModel */,
				C958D4342989B916006E82C4 /* View */,
				C958D4312989B8EE006E82C4 /* Model */,
				C958D3FD29895878006E82C4 /* Info.plist */,
				C958D3F529895877006E82C4 /* SportingApp.xcdatamodeld */,
			);
			path = SportingApp;
			sourceTree = "<group>";
		};
		C958D40529895879006E82C4 /* SportingAppTests */ = {
			isa = PBXGroup;
			children = (
				C9B46111299AB9E800175BAF /* MockNetworkManagerTests.swift */,
				0366BE0529981D2A003F2AB1 /* TestAPI.swift */,
				C958D40629895879006E82C4 /* SportingAppTests.swift */,
			);
			path = SportingAppTests;
			sourceTree = "<group>";
		};
		C958D40F29895879006E82C4 /* SportingAppUITests */ = {
			isa = PBXGroup;
			children = (
				C958D41029895879006E82C4 /* SportingAppUITests.swift */,
				C958D41229895879006E82C4 /* SportingAppUITestsLaunchTests.swift */,
			);
			path = SportingAppUITests;
			sourceTree = "<group>";
		};
		C958D4312989B8EE006E82C4 /* Model */ = {
			isa = PBXGroup;
			children = (
				C9961E94298DB7AD00AAE7E8 /* PlayerDetails.swift */,
				C9961E96298DB90200AAE7E8 /* CoachDetails.swift */,
				C9961E98298DB9D500AAE7E8 /* LeagueDetails.swift */,
				C9961E9A298DBBE200AAE7E8 /* EventDetails.swift */,
				C9961E92298DB6E300AAE7E8 /* TeamDetails.swift */,
				C94CFA6E2996E5B1005DA789 /* TennisDetails.swift */,
				C94CFA702996E719005DA789 /* TennisPlayerDetials.swift */,
				C90981BF298C1B2100471C23 /* Services */,
			);
			path = Model;
			sourceTree = "<group>";
		};
		C958D4342989B916006E82C4 /* View */ = {
			isa = PBXGroup;
			children = (
				C92D4E7D2992AF2400461DAC /* views */,
				C958D4352989B91C006E82C4 /* Controllers */,
			);
			path = View;
			sourceTree = "<group>";
		};
		C958D4352989B91C006E82C4 /* Controllers */ = {
			isa = PBXGroup;
			children = (
				C9886AF92994D1D100E2D989 /* ConrollersForOutlets */,
				C958D42D2989A3D1006E82C4 /* FavoriteTableViewController.swift */,
				0366BDFF2997ADA5003F2AB1 /* LegueDetailsViewController.swift */,
				C90BE0D329967DF300AE7892 /* LatestResultTableViewCell.swift */,
				C958D4232989874B006E82C4 /* SportsCollectionViewController.swift */,
				C90BE0D129967DD100AE7892 /* TeamDetailsViewController.swift */,
				C90BE0CF29967DB800AE7892 /* PlayerdetailsViewController.swift */,
				C90C21972989BEEE004CBC90 /* LeaguesTableViewController.swift */,
				03CF15A42989E0BA0070AE16 /* UpCommingTableViewCell.swift */,
				03CF15A82989E3690070AE16 /* LeguesDetailsTableViewController.swift */,
				03C06934298A97A500322593 /* TeamsHorizintalTableViewCell.swift */,
				C9F08637299BB47A00DE891C /* LaunchScreenAnimationViewController.swift */,
			);
			path = Controllers;
			sourceTree = "<group>";
		};
		C97F35FC29954AC4003D0683 /* Core */ = {
			isa = PBXGroup;
			children = (
				C958D3EE29895877006E82C4 /* SceneDelegate.swift */,
				C958D3EC29895877006E82C4 /* AppDelegate.swift */,
			);
			path = Core;
			sourceTree = "<group>";
		};
		C97F35FD29955905003D0683 /* Resources */ = {
			isa = PBXGroup;
			children = (
				C958D3F829895878006E82C4 /* Assets.xcassets */,
				C958D3FA29895878006E82C4 /* LaunchScreen.storyboard */,
			);
			path = Resources;
			sourceTree = "<group>";
		};
		C97F35FE29955949003D0683 /* Utils */ = {
			isa = PBXGroup;
			children = (
				C91A811F299C1A1D00AF1B1D /* UIExtentions */,
				C9961E9F298DD74400AAE7E8 /* HelperFunctions.swift */,
				C9961E9C298DCA5B00AAE7E8 /* Sport.swift */,
				C97F360529957204003D0683 /* ConvertToLeagueDetails.swift */,
				C90BE0DD29969C2A00AE7892 /* DateConverter.swift */,
			);
			path = Utils;
			sourceTree = "<group>";
		};
		C9886AF92994D1D100E2D989 /* ConrollersForOutlets */ = {
			isa = PBXGroup;
			children = (
				C90BE0D529967E0A00AE7892 /* LatestVerCollectionViewCell.swift */,
				C94121B4298AF43C00665DA7 /* SportCollectionViewCell.swift */,
				C958D41F298986F8006E82C4 /* SportsCollectionViewCell.swift */,
				C958D4292989A14F006E82C4 /* TableViewCell.swift */,
				03CF15B22989E9530070AE16 /* HorizontalCollectionViewCell.swift */,
				03C06938298A98C700322593 /* TeamsCollectionViewCell.swift */,
			);
			path = ConrollersForOutlets;
			sourceTree = "<group>";
		};
		C9961E9E298DD4F400AAE7E8 /* ViewModel */ = {
			isa = PBXGroup;
			children = (
				C905012A2994343D00B9380E /* SavetoCoreViewModel.swift */,
				C90501282994342800B9380E /* FetchFromCoreViewModel.swift */,
				C9477B39298F0F72004B7327 /* LeagueViewModel.swift */,
				036385AB2990218D00614AA3 /* LeagueDetailsViewModel.swift */,
				033AFABD299457C800E44036 /* TeamDetailsViewModel.swift */,
				C94CFA722996EA15005DA789 /* TennisDetailsViewModel.swift */,
				C94CFA7829970C18005DA789 /* DeleteFromCoreViewModel.swift */,
				0366BE0F299824D6003F2AB1 /* UpcomingUrl.swift */,
				0366BE11299824E2003F2AB1 /* LatestURL.swift */,
				0366BE13299824EE003F2AB1 /* LeaguesUrl.swift */,
				0366BE1529982500003F2AB1 /* TeamDetailsUrl.swift */,
			);
			path = ViewModel;
			sourceTree = "<group>";
		};
		C9B4610C299AB19B00175BAF /* Network Services */ = {
			isa = PBXGroup;
			children = (
				C9899C6A298D53FF00C6C74C /* APIResponse.swift */,
				C90981C0298C1B4500471C23 /* APIHandler.swift */,
				C9961EA1298DDB7000AAE7E8 /* JSONDecoder.swift */,
				C9961EA5298DDBFC00AAE7E8 /* URLService.swift */,
				C9B4610D299AB20700175BAF /* MockNetworkManager.swift */,
			);
			path = "Network Services";
			sourceTree = "<group>";
		};
		C9FFD5B52993A511004E3B7F /* CoreDataServices */ = {
			isa = PBXGroup;
			children = (
				C905012C2994349700B9380E /* FetchFromCoreService.swift */,
				C905012D2994349700B9380E /* SaveToCoreService.swift */,
				C97F35FF29956296003D0683 /* CoreDataManager.swift */,
				C94CFA74299708A9005DA789 /* DeleteFromCoreService.swift */,
			);
			path = CoreDataServices;
			sourceTree = "<group>";
		};
		C9FFD5C52993BFDD004E3B7F /* Contract */ = {
			isa = PBXGroup;
			children = (
				C9961EA9298DEE1C00AAE7E8 /* RenderProtocol.swift */,
				C97F360129956A52003D0683 /* FetchFromCoreProtocol.swift */,
				C97F360329956A8A003D0683 /* SavetoCoreProtocol.swift */,
				C97F360729957512003D0683 /* ConvertToLeagueDetailsProtocol.swift */,
				C90BE0DB299682E600AE7892 /* DelegateForCell.swift */,
				C94CFA7629970A80005DA789 /* DeleteFromCoreProtocol.swift */,
				0366BE092998238D003F2AB1 /* URLForLeagueProtocol.swift */,
				0366BE0B299823A1003F2AB1 /* URLForUpcommingEventProtocol.swift */,
				0366BE0D299823B6003F2AB1 /* URLForLatestEventProtocol.swift */,
				0366BE172998264A003F2AB1 /* TeamUrlProtocol.swift */,
				C9B4610F299AB57E00175BAF /* NetworkManagementProtocol.swift */,
			);
			path = Contract;
			sourceTree = "<group>";
		};
/* End PBXGroup section */

/* Begin PBXNativeTarget section */
		C958D3E829895877006E82C4 /* SportingApp */ = {
			isa = PBXNativeTarget;
			buildConfigurationList = C958D41629895879006E82C4 /* Build configuration list for PBXNativeTarget "SportingApp" */;
			buildPhases = (
				7217A113321575810F5CA3AF /* [CP] Check Pods Manifest.lock */,
				C958D3E529895877006E82C4 /* Sources */,
				C958D3E629895877006E82C4 /* Frameworks */,
				C958D3E729895877006E82C4 /* Resources */,
				39AA6955193F059F67958306 /* [CP] Embed Pods Frameworks */,
			);
			buildRules = (
			);
			dependencies = (
			);
			name = SportingApp;
			productName = SportingApp;
			productReference = C958D3E929895877006E82C4 /* SportingApp.app */;
			productType = "com.apple.product-type.application";
		};
		C958D40129895879006E82C4 /* SportingAppTests */ = {
			isa = PBXNativeTarget;
			buildConfigurationList = C958D41929895879006E82C4 /* Build configuration list for PBXNativeTarget "SportingAppTests" */;
			buildPhases = (
				2FFB42F498CCA1BD6180047D /* [CP] Check Pods Manifest.lock */,
				C958D3FE29895879006E82C4 /* Sources */,
				C958D3FF29895879006E82C4 /* Frameworks */,
				C958D40029895879006E82C4 /* Resources */,
			);
			buildRules = (
			);
			dependencies = (
				C958D40429895879006E82C4 /* PBXTargetDependency */,
			);
			name = SportingAppTests;
			productName = SportingAppTests;
			productReference = C958D40229895879006E82C4 /* SportingAppTests.xctest */;
			productType = "com.apple.product-type.bundle.unit-test";
		};
		C958D40B29895879006E82C4 /* SportingAppUITests */ = {
			isa = PBXNativeTarget;
			buildConfigurationList = C958D41C29895879006E82C4 /* Build configuration list for PBXNativeTarget "SportingAppUITests" */;
			buildPhases = (
				523FA73D9D9932BF66CC4BBE /* [CP] Check Pods Manifest.lock */,
				C958D40829895879006E82C4 /* Sources */,
				C958D40929895879006E82C4 /* Frameworks */,
				C958D40A29895879006E82C4 /* Resources */,
				214B511E79F5A2053C648E4A /* [CP] Embed Pods Frameworks */,
			);
			buildRules = (
			);
			dependencies = (
				C958D40E29895879006E82C4 /* PBXTargetDependency */,
			);
			name = SportingAppUITests;
			productName = SportingAppUITests;
			productReference = C958D40C29895879006E82C4 /* SportingAppUITests.xctest */;
			productType = "com.apple.product-type.bundle.ui-testing";
		};
/* End PBXNativeTarget section */

/* Begin PBXProject section */
		C958D3E129895877006E82C4 /* Project object */ = {
			isa = PBXProject;
			attributes = {
				BuildIndependentTargetsInParallel = 1;
				LastSwiftUpdateCheck = 1420;
				LastUpgradeCheck = 1420;
				TargetAttributes = {
					C958D3E829895877006E82C4 = {
						CreatedOnToolsVersion = 14.2;
					};
					C958D40129895879006E82C4 = {
						CreatedOnToolsVersion = 14.2;
						TestTargetID = C958D3E829895877006E82C4;
					};
					C958D40B29895879006E82C4 = {
						CreatedOnToolsVersion = 14.2;
						TestTargetID = C958D3E829895877006E82C4;
					};
				};
			};
			buildConfigurationList = C958D3E429895877006E82C4 /* Build configuration list for PBXProject "SportingApp" */;
			compatibilityVersion = "Xcode 14.0";
			developmentRegion = en;
			hasScannedForEncodings = 0;
			knownRegions = (
				en,
				Base,
			);
			mainGroup = C958D3E029895877006E82C4;
			productRefGroup = C958D3EA29895877006E82C4 /* Products */;
			projectDirPath = "";
			projectRoot = "";
			targets = (
				C958D3E829895877006E82C4 /* SportingApp */,
				C958D40129895879006E82C4 /* SportingAppTests */,
				C958D40B29895879006E82C4 /* SportingAppUITests */,
			);
		};
/* End PBXProject section */

/* Begin PBXResourcesBuildPhase section */
		C958D3E729895877006E82C4 /* Resources */ = {
			isa = PBXResourcesBuildPhase;
			buildActionMask = 2147483647;
			files = (
				C958D3FC29895878006E82C4 /* LaunchScreen.storyboard in Resources */,
				037D8B0D29956D2B00320870 /* LatestVerCollectionViewCell.xib in Resources */,
				03C0693B298A98C700322593 /* TeamsCollectionViewCell.xib in Resources */,
				03C06937298A97A500322593 /* TeamsHorizintalTableViewCell.xib in Resources */,
				03CF15A32989DE170070AE16 /* SecondStoryboard.storyboard in Resources */,
				037D8B0929956C4100320870 /* LatestResultTableViewCell.xib in Resources */,
				C90C21962989BA43004CBC90 /* TableViewCell.xib in Resources */,
				03CF15A72989E0BA0070AE16 /* UpCommingTableViewCell.xib in Resources */,
				03CF15B52989E9530070AE16 /* HorizontalCollectionViewCell.xib in Resources */,
				C958D3F929895878006E82C4 /* Assets.xcassets in Resources */,
				C958D3F429895877006E82C4 /* Main.storyboard in Resources */,
				C958D422298986F8006E82C4 /* SportsCollectionViewCell.xib in Resources */,
			);
			runOnlyForDeploymentPostprocessing = 0;
		};
		C958D40029895879006E82C4 /* Resources */ = {
			isa = PBXResourcesBuildPhase;
			buildActionMask = 2147483647;
			files = (
			);
			runOnlyForDeploymentPostprocessing = 0;
		};
		C958D40A29895879006E82C4 /* Resources */ = {
			isa = PBXResourcesBuildPhase;
			buildActionMask = 2147483647;
			files = (
			);
			runOnlyForDeploymentPostprocessing = 0;
		};
/* End PBXResourcesBuildPhase section */

/* Begin PBXShellScriptBuildPhase section */
		214B511E79F5A2053C648E4A /* [CP] Embed Pods Frameworks */ = {
			isa = PBXShellScriptBuildPhase;
			buildActionMask = 2147483647;
			files = (
			);
			inputFileListPaths = (
				"${PODS_ROOT}/Target Support Files/Pods-SportingApp-SportingAppUITests/Pods-SportingApp-SportingAppUITests-frameworks-${CONFIGURATION}-input-files.xcfilelist",
			);
			name = "[CP] Embed Pods Frameworks";
			outputFileListPaths = (
				"${PODS_ROOT}/Target Support Files/Pods-SportingApp-SportingAppUITests/Pods-SportingApp-SportingAppUITests-frameworks-${CONFIGURATION}-output-files.xcfilelist",
			);
			runOnlyForDeploymentPostprocessing = 0;
			shellPath = /bin/sh;
			shellScript = "\"${PODS_ROOT}/Target Support Files/Pods-SportingApp-SportingAppUITests/Pods-SportingApp-SportingAppUITests-frameworks.sh\"\n";
			showEnvVarsInLog = 0;
		};
		2FFB42F498CCA1BD6180047D /* [CP] Check Pods Manifest.lock */ = {
			isa = PBXShellScriptBuildPhase;
			buildActionMask = 2147483647;
			files = (
			);
			inputFileListPaths = (
			);
			inputPaths = (
				"${PODS_PODFILE_DIR_PATH}/Podfile.lock",
				"${PODS_ROOT}/Manifest.lock",
			);
			name = "[CP] Check Pods Manifest.lock";
			outputFileListPaths = (
			);
			outputPaths = (
				"$(DERIVED_FILE_DIR)/Pods-SportingAppTests-checkManifestLockResult.txt",
			);
			runOnlyForDeploymentPostprocessing = 0;
			shellPath = /bin/sh;
			shellScript = "diff \"${PODS_PODFILE_DIR_PATH}/Podfile.lock\" \"${PODS_ROOT}/Manifest.lock\" > /dev/null\nif [ $? != 0 ] ; then\n    # print error to STDERR\n    echo \"error: The sandbox is not in sync with the Podfile.lock. Run 'pod install' or update your CocoaPods installation.\" >&2\n    exit 1\nfi\n# This output is used by Xcode 'outputs' to avoid re-running this script phase.\necho \"SUCCESS\" > \"${SCRIPT_OUTPUT_FILE_0}\"\n";
			showEnvVarsInLog = 0;
		};
		39AA6955193F059F67958306 /* [CP] Embed Pods Frameworks */ = {
			isa = PBXShellScriptBuildPhase;
			buildActionMask = 2147483647;
			files = (
			);
			inputFileListPaths = (
				"${PODS_ROOT}/Target Support Files/Pods-SportingApp/Pods-SportingApp-frameworks-${CONFIGURATION}-input-files.xcfilelist",
			);
			name = "[CP] Embed Pods Frameworks";
			outputFileListPaths = (
				"${PODS_ROOT}/Target Support Files/Pods-SportingApp/Pods-SportingApp-frameworks-${CONFIGURATION}-output-files.xcfilelist",
			);
			runOnlyForDeploymentPostprocessing = 0;
			shellPath = /bin/sh;
			shellScript = "\"${PODS_ROOT}/Target Support Files/Pods-SportingApp/Pods-SportingApp-frameworks.sh\"\n";
			showEnvVarsInLog = 0;
		};
		523FA73D9D9932BF66CC4BBE /* [CP] Check Pods Manifest.lock */ = {
			isa = PBXShellScriptBuildPhase;
			buildActionMask = 2147483647;
			files = (
			);
			inputFileListPaths = (
			);
			inputPaths = (
				"${PODS_PODFILE_DIR_PATH}/Podfile.lock",
				"${PODS_ROOT}/Manifest.lock",
			);
			name = "[CP] Check Pods Manifest.lock";
			outputFileListPaths = (
			);
			outputPaths = (
				"$(DERIVED_FILE_DIR)/Pods-SportingApp-SportingAppUITests-checkManifestLockResult.txt",
			);
			runOnlyForDeploymentPostprocessing = 0;
			shellPath = /bin/sh;
			shellScript = "diff \"${PODS_PODFILE_DIR_PATH}/Podfile.lock\" \"${PODS_ROOT}/Manifest.lock\" > /dev/null\nif [ $? != 0 ] ; then\n    # print error to STDERR\n    echo \"error: The sandbox is not in sync with the Podfile.lock. Run 'pod install' or update your CocoaPods installation.\" >&2\n    exit 1\nfi\n# This output is used by Xcode 'outputs' to avoid re-running this script phase.\necho \"SUCCESS\" > \"${SCRIPT_OUTPUT_FILE_0}\"\n";
			showEnvVarsInLog = 0;
		};
		7217A113321575810F5CA3AF /* [CP] Check Pods Manifest.lock */ = {
			isa = PBXShellScriptBuildPhase;
			buildActionMask = 2147483647;
			files = (
			);
			inputFileListPaths = (
			);
			inputPaths = (
				"${PODS_PODFILE_DIR_PATH}/Podfile.lock",
				"${PODS_ROOT}/Manifest.lock",
			);
			name = "[CP] Check Pods Manifest.lock";
			outputFileListPaths = (
			);
			outputPaths = (
				"$(DERIVED_FILE_DIR)/Pods-SportingApp-checkManifestLockResult.txt",
			);
			runOnlyForDeploymentPostprocessing = 0;
			shellPath = /bin/sh;
			shellScript = "diff \"${PODS_PODFILE_DIR_PATH}/Podfile.lock\" \"${PODS_ROOT}/Manifest.lock\" > /dev/null\nif [ $? != 0 ] ; then\n    # print error to STDERR\n    echo \"error: The sandbox is not in sync with the Podfile.lock. Run 'pod install' or update your CocoaPods installation.\" >&2\n    exit 1\nfi\n# This output is used by Xcode 'outputs' to avoid re-running this script phase.\necho \"SUCCESS\" > \"${SCRIPT_OUTPUT_FILE_0}\"\n";
			showEnvVarsInLog = 0;
		};
/* End PBXShellScriptBuildPhase section */

/* Begin PBXSourcesBuildPhase section */
		C958D3E529895877006E82C4 /* Sources */ = {
			isa = PBXSourcesBuildPhase;
			buildActionMask = 2147483647;
			files = (
				C90BE0D029967DB800AE7892 /* PlayerdetailsViewController.swift in Sources */,
				C9961E99298DB9D500AAE7E8 /* LeagueDetails.swift in Sources */,
				C90C21982989BEEE004CBC90 /* LeaguesTableViewController.swift in Sources */,
				C94CFA75299708A9005DA789 /* DeleteFromCoreService.swift in Sources */,
				C9961E97298DB90200AAE7E8 /* CoachDetails.swift in Sources */,
				C9961E9D298DCA5B00AAE7E8 /* Sport.swift in Sources */,
				C91A8123299C1CF700AF1B1D /* UITableViewExtension.swift in Sources */,
				C97F360629957204003D0683 /* ConvertToLeagueDetails.swift in Sources */,
				C97F360429956A8A003D0683 /* SavetoCoreProtocol.swift in Sources */,
				C97F360829957512003D0683 /* ConvertToLeagueDetailsProtocol.swift in Sources */,
				C958D421298986F8006E82C4 /* SportsCollectionViewCell.swift in Sources */,
				C9477B3A298F0F72004B7327 /* LeagueViewModel.swift in Sources */,
				C94CFA732996EA15005DA789 /* TennisDetailsViewModel.swift in Sources */,
				0366BE12299824E2003F2AB1 /* LatestURL.swift in Sources */,
				C9961EAA298DEE1C00AAE7E8 /* RenderProtocol.swift in Sources */,
				0366BE0E299823B6003F2AB1 /* URLForLatestEventProtocol.swift in Sources */,
				C94CFA712996E719005DA789 /* TennisPlayerDetials.swift in Sources */,
				03C06936298A97A500322593 /* TeamsHorizintalTableViewCell.swift in Sources */,
				C90981C1298C1B4500471C23 /* APIHandler.swift in Sources */,
				C905012B2994343D00B9380E /* SavetoCoreViewModel.swift in Sources */,
				C9961EA2298DDB7000AAE7E8 /* JSONDecoder.swift in Sources */,
				C91A8125299C1D1500AF1B1D /* UICollectionViewExtension.swift in Sources */,
				C90501292994342800B9380E /* FetchFromCoreViewModel.swift in Sources */,
				0366BE14299824EE003F2AB1 /* LeaguesUrl.swift in Sources */,
				C91A8121299C1CB500AF1B1D /* UITableViewCellExtension.swift in Sources */,
				C94121B5298AF43C00665DA7 /* SportCollectionViewCell.swift in Sources */,
				C9961E9B298DBBE200AAE7E8 /* EventDetails.swift in Sources */,
				03C0693A298A98C700322593 /* TeamsCollectionViewCell.swift in Sources */,
				0366BE0C299823A1003F2AB1 /* URLForUpcommingEventProtocol.swift in Sources */,
				C958D42E2989A3D1006E82C4 /* FavoriteTableViewController.swift in Sources */,
				C94CFA7729970A80005DA789 /* DeleteFromCoreProtocol.swift in Sources */,
				0366BE182998264A003F2AB1 /* TeamUrlProtocol.swift in Sources */,
				03CF15A92989E3690070AE16 /* LeguesDetailsTableViewController.swift in Sources */,
				03CF15A62989E0BA0070AE16 /* UpCommingTableViewCell.swift in Sources */,
				C90BE0DC299682E600AE7892 /* DelegateForCell.swift in Sources */,
				C94CFA6F2996E5B1005DA789 /* TennisDetails.swift in Sources */,
				C958D4242989874B006E82C4 /* SportsCollectionViewController.swift in Sources */,
				C9961E93298DB6E300AAE7E8 /* TeamDetails.swift in Sources */,
				03CF15B42989E9530070AE16 /* HorizontalCollectionViewCell.swift in Sources */,
				C958D3ED29895877006E82C4 /* AppDelegate.swift in Sources */,
				C9961EA0298DD74400AAE7E8 /* HelperFunctions.swift in Sources */,
				C9B46110299AB57E00175BAF /* NetworkManagementProtocol.swift in Sources */,
				0366BE002997ADA5003F2AB1 /* LegueDetailsViewController.swift in Sources */,
				C90BE0DE29969C2A00AE7892 /* DateConverter.swift in Sources */,
				C91A8127299C1D5C00AF1B1D /* UIImageViewExtension.swift in Sources */,
				C9F08638299BB47A00DE891C /* LaunchScreenAnimationViewController.swift in Sources */,
				C97F360029956296003D0683 /* CoreDataManager.swift in Sources */,
				C905012E2994349700B9380E /* FetchFromCoreService.swift in Sources */,
				0366BE10299824D6003F2AB1 /* UpcomingUrl.swift in Sources */,
				C958D3EF29895877006E82C4 /* SceneDelegate.swift in Sources */,
				C958D42B2989A14F006E82C4 /* TableViewCell.swift in Sources */,
				C97F360229956A52003D0683 /* FetchFromCoreProtocol.swift in Sources */,
				C9961EA6298DDBFC00AAE7E8 /* URLService.swift in Sources */,
				C958D3F729895877006E82C4 /* SportingApp.xcdatamodeld in Sources */,
				C905012F2994349700B9380E /* SaveToCoreService.swift in Sources */,
				C90BE0D229967DD100AE7892 /* TeamDetailsViewController.swift in Sources */,
				0366BE1629982500003F2AB1 /* TeamDetailsUrl.swift in Sources */,
				0366BE0A2998238D003F2AB1 /* URLForLeagueProtocol.swift in Sources */,
				C90BE0D429967DF300AE7892 /* LatestResultTableViewCell.swift in Sources */,
				C9B4610E299AB20700175BAF /* MockNetworkManager.swift in Sources */,
				036385AC2990218D00614AA3 /* LeagueDetailsViewModel.swift in Sources */,
				033AFABE299457C800E44036 /* TeamDetailsViewModel.swift in Sources */,
				C94CFA7929970C18005DA789 /* DeleteFromCoreViewModel.swift in Sources */,
				C9961E95298DB7AD00AAE7E8 /* PlayerDetails.swift in Sources */,
				C90BE0D629967E0A00AE7892 /* LatestVerCollectionViewCell.swift in Sources */,
				C9899C6B298D53FF00C6C74C /* APIResponse.swift in Sources */,
			);
			runOnlyForDeploymentPostprocessing = 0;
		};
		C958D3FE29895879006E82C4 /* Sources */ = {
			isa = PBXSourcesBuildPhase;
			buildActionMask = 2147483647;
			files = (
				C9B46112299AB9E800175BAF /* MockNetworkManagerTests.swift in Sources */,
				0366BE0629981D2A003F2AB1 /* TestAPI.swift in Sources */,
				C958D40729895879006E82C4 /* SportingAppTests.swift in Sources */,
			);
			runOnlyForDeploymentPostprocessing = 0;
		};
		C958D40829895879006E82C4 /* Sources */ = {
			isa = PBXSourcesBuildPhase;
			buildActionMask = 2147483647;
			files = (
				C958D41329895879006E82C4 /* SportingAppUITestsLaunchTests.swift in Sources */,
				C958D41129895879006E82C4 /* SportingAppUITests.swift in Sources */,
			);
			runOnlyForDeploymentPostprocessing = 0;
		};
/* End PBXSourcesBuildPhase section */

/* Begin PBXTargetDependency section */
		C958D40429895879006E82C4 /* PBXTargetDependency */ = {
			isa = PBXTargetDependency;
			target = C958D3E829895877006E82C4 /* SportingApp */;
			targetProxy = C958D40329895879006E82C4 /* PBXContainerItemProxy */;
		};
		C958D40E29895879006E82C4 /* PBXTargetDependency */ = {
			isa = PBXTargetDependency;
			target = C958D3E829895877006E82C4 /* SportingApp */;
			targetProxy = C958D40D29895879006E82C4 /* PBXContainerItemProxy */;
		};
/* End PBXTargetDependency section */

/* Begin PBXVariantGroup section */
		C958D3F229895877006E82C4 /* Main.storyboard */ = {
			isa = PBXVariantGroup;
			children = (
				C958D3F329895877006E82C4 /* Base */,
			);
			name = Main.storyboard;
			sourceTree = "<group>";
		};
		C958D3FA29895878006E82C4 /* LaunchScreen.storyboard */ = {
			isa = PBXVariantGroup;
			children = (
				C958D3FB29895878006E82C4 /* Base */,
			);
			name = LaunchScreen.storyboard;
			sourceTree = "<group>";
		};
/* End PBXVariantGroup section */

/* Begin XCBuildConfiguration section */
		C958D41429895879006E82C4 /* Debug */ = {
			isa = XCBuildConfiguration;
			buildSettings = {
				ALWAYS_SEARCH_USER_PATHS = NO;
				CLANG_ANALYZER_NONNULL = YES;
				CLANG_ANALYZER_NUMBER_OBJECT_CONVERSION = YES_AGGRESSIVE;
				CLANG_CXX_LANGUAGE_STANDARD = "gnu++20";
				CLANG_ENABLE_MODULES = YES;
				CLANG_ENABLE_OBJC_ARC = YES;
				CLANG_ENABLE_OBJC_WEAK = YES;
				CLANG_WARN_BLOCK_CAPTURE_AUTORELEASING = YES;
				CLANG_WARN_BOOL_CONVERSION = YES;
				CLANG_WARN_COMMA = YES;
				CLANG_WARN_CONSTANT_CONVERSION = YES;
				CLANG_WARN_DEPRECATED_OBJC_IMPLEMENTATIONS = YES;
				CLANG_WARN_DIRECT_OBJC_ISA_USAGE = YES_ERROR;
				CLANG_WARN_DOCUMENTATION_COMMENTS = YES;
				CLANG_WARN_EMPTY_BODY = YES;
				CLANG_WARN_ENUM_CONVERSION = YES;
				CLANG_WARN_INFINITE_RECURSION = YES;
				CLANG_WARN_INT_CONVERSION = YES;
				CLANG_WARN_NON_LITERAL_NULL_CONVERSION = YES;
				CLANG_WARN_OBJC_IMPLICIT_RETAIN_SELF = YES;
				CLANG_WARN_OBJC_LITERAL_CONVERSION = YES;
				CLANG_WARN_OBJC_ROOT_CLASS = YES_ERROR;
				CLANG_WARN_QUOTED_INCLUDE_IN_FRAMEWORK_HEADER = YES;
				CLANG_WARN_RANGE_LOOP_ANALYSIS = YES;
				CLANG_WARN_STRICT_PROTOTYPES = YES;
				CLANG_WARN_SUSPICIOUS_MOVE = YES;
				CLANG_WARN_UNGUARDED_AVAILABILITY = YES_AGGRESSIVE;
				CLANG_WARN_UNREACHABLE_CODE = YES;
				CLANG_WARN__DUPLICATE_METHOD_MATCH = YES;
				COPY_PHASE_STRIP = NO;
				DEBUG_INFORMATION_FORMAT = dwarf;
				ENABLE_STRICT_OBJC_MSGSEND = YES;
				ENABLE_TESTABILITY = YES;
				GCC_C_LANGUAGE_STANDARD = gnu11;
				GCC_DYNAMIC_NO_PIC = NO;
				GCC_NO_COMMON_BLOCKS = YES;
				GCC_OPTIMIZATION_LEVEL = 0;
				GCC_PREPROCESSOR_DEFINITIONS = (
					"DEBUG=1",
					"$(inherited)",
				);
				GCC_WARN_64_TO_32_BIT_CONVERSION = YES;
				GCC_WARN_ABOUT_RETURN_TYPE = YES_ERROR;
				GCC_WARN_UNDECLARED_SELECTOR = YES;
				GCC_WARN_UNINITIALIZED_AUTOS = YES_AGGRESSIVE;
				GCC_WARN_UNUSED_FUNCTION = YES;
				GCC_WARN_UNUSED_VARIABLE = YES;
				IPHONEOS_DEPLOYMENT_TARGET = 16.2;
				MTL_ENABLE_DEBUG_INFO = INCLUDE_SOURCE;
				MTL_FAST_MATH = YES;
				ONLY_ACTIVE_ARCH = YES;
				SDKROOT = iphoneos;
				SWIFT_ACTIVE_COMPILATION_CONDITIONS = DEBUG;
				SWIFT_OPTIMIZATION_LEVEL = "-Onone";
			};
			name = Debug;
		};
		C958D41529895879006E82C4 /* Release */ = {
			isa = XCBuildConfiguration;
			buildSettings = {
				ALWAYS_SEARCH_USER_PATHS = NO;
				CLANG_ANALYZER_NONNULL = YES;
				CLANG_ANALYZER_NUMBER_OBJECT_CONVERSION = YES_AGGRESSIVE;
				CLANG_CXX_LANGUAGE_STANDARD = "gnu++20";
				CLANG_ENABLE_MODULES = YES;
				CLANG_ENABLE_OBJC_ARC = YES;
				CLANG_ENABLE_OBJC_WEAK = YES;
				CLANG_WARN_BLOCK_CAPTURE_AUTORELEASING = YES;
				CLANG_WARN_BOOL_CONVERSION = YES;
				CLANG_WARN_COMMA = YES;
				CLANG_WARN_CONSTANT_CONVERSION = YES;
				CLANG_WARN_DEPRECATED_OBJC_IMPLEMENTATIONS = YES;
				CLANG_WARN_DIRECT_OBJC_ISA_USAGE = YES_ERROR;
				CLANG_WARN_DOCUMENTATION_COMMENTS = YES;
				CLANG_WARN_EMPTY_BODY = YES;
				CLANG_WARN_ENUM_CONVERSION = YES;
				CLANG_WARN_INFINITE_RECURSION = YES;
				CLANG_WARN_INT_CONVERSION = YES;
				CLANG_WARN_NON_LITERAL_NULL_CONVERSION = YES;
				CLANG_WARN_OBJC_IMPLICIT_RETAIN_SELF = YES;
				CLANG_WARN_OBJC_LITERAL_CONVERSION = YES;
				CLANG_WARN_OBJC_ROOT_CLASS = YES_ERROR;
				CLANG_WARN_QUOTED_INCLUDE_IN_FRAMEWORK_HEADER = YES;
				CLANG_WARN_RANGE_LOOP_ANALYSIS = YES;
				CLANG_WARN_STRICT_PROTOTYPES = YES;
				CLANG_WARN_SUSPICIOUS_MOVE = YES;
				CLANG_WARN_UNGUARDED_AVAILABILITY = YES_AGGRESSIVE;
				CLANG_WARN_UNREACHABLE_CODE = YES;
				CLANG_WARN__DUPLICATE_METHOD_MATCH = YES;
				COPY_PHASE_STRIP = NO;
				DEBUG_INFORMATION_FORMAT = "dwarf-with-dsym";
				ENABLE_NS_ASSERTIONS = NO;
				ENABLE_STRICT_OBJC_MSGSEND = YES;
				GCC_C_LANGUAGE_STANDARD = gnu11;
				GCC_NO_COMMON_BLOCKS = YES;
				GCC_WARN_64_TO_32_BIT_CONVERSION = YES;
				GCC_WARN_ABOUT_RETURN_TYPE = YES_ERROR;
				GCC_WARN_UNDECLARED_SELECTOR = YES;
				GCC_WARN_UNINITIALIZED_AUTOS = YES_AGGRESSIVE;
				GCC_WARN_UNUSED_FUNCTION = YES;
				GCC_WARN_UNUSED_VARIABLE = YES;
				IPHONEOS_DEPLOYMENT_TARGET = 16.2;
				MTL_ENABLE_DEBUG_INFO = NO;
				MTL_FAST_MATH = YES;
				SDKROOT = iphoneos;
				SWIFT_COMPILATION_MODE = wholemodule;
				SWIFT_OPTIMIZATION_LEVEL = "-O";
				VALIDATE_PRODUCT = YES;
			};
			name = Release;
		};
		C958D41729895879006E82C4 /* Debug */ = {
			isa = XCBuildConfiguration;
			baseConfigurationReference = 73D2BFCC9D81161F68ADF90C /* Pods-SportingApp.debug.xcconfig */;
			buildSettings = {
				ASSETCATALOG_COMPILER_APPICON_NAME = AppIcon;
				ASSETCATALOG_COMPILER_GLOBAL_ACCENT_COLOR_NAME = AccentColor;
				CODE_SIGN_STYLE = Automatic;
				CURRENT_PROJECT_VERSION = 1;
				GENERATE_INFOPLIST_FILE = YES;
				INFOPLIST_FILE = SportingApp/Info.plist;
				INFOPLIST_KEY_CFBundleDisplayName = Spark;
				INFOPLIST_KEY_UIApplicationSupportsIndirectInputEvents = YES;
				INFOPLIST_KEY_UILaunchStoryboardName = LaunchScreen;
				INFOPLIST_KEY_UIMainStoryboardFile = Main;
				INFOPLIST_KEY_UISupportedInterfaceOrientations_iPad = "UIInterfaceOrientationPortrait UIInterfaceOrientationPortraitUpsideDown UIInterfaceOrientationLandscapeLeft UIInterfaceOrientationLandscapeRight";
				INFOPLIST_KEY_UISupportedInterfaceOrientations_iPhone = "UIInterfaceOrientationPortrait UIInterfaceOrientationLandscapeLeft UIInterfaceOrientationLandscapeRight";
				LD_RUNPATH_SEARCH_PATHS = (
					"$(inherited)",
					"@executable_path/Frameworks",
				);
				MARKETING_VERSION = 1.0;
				PRODUCT_BUNDLE_IDENTIFIER = iti.SportingApp;
				PRODUCT_NAME = "$(TARGET_NAME)";
				SWIFT_EMIT_LOC_STRINGS = YES;
				SWIFT_VERSION = 5.0;
				TARGETED_DEVICE_FAMILY = "1,2";
			};
			name = Debug;
		};
		C958D41829895879006E82C4 /* Release */ = {
			isa = XCBuildConfiguration;
			baseConfigurationReference = 229BF2EA7329CF76E2058596 /* Pods-SportingApp.release.xcconfig */;
			buildSettings = {
				ASSETCATALOG_COMPILER_APPICON_NAME = AppIcon;
				ASSETCATALOG_COMPILER_GLOBAL_ACCENT_COLOR_NAME = AccentColor;
				CODE_SIGN_STYLE = Automatic;
				CURRENT_PROJECT_VERSION = 1;
				GENERATE_INFOPLIST_FILE = YES;
				INFOPLIST_FILE = SportingApp/Info.plist;
				INFOPLIST_KEY_CFBundleDisplayName = Spark;
				INFOPLIST_KEY_UIApplicationSupportsIndirectInputEvents = YES;
				INFOPLIST_KEY_UILaunchStoryboardName = LaunchScreen;
				INFOPLIST_KEY_UIMainStoryboardFile = Main;
				INFOPLIST_KEY_UISupportedInterfaceOrientations_iPad = "UIInterfaceOrientationPortrait UIInterfaceOrientationPortraitUpsideDown UIInterfaceOrientationLandscapeLeft UIInterfaceOrientationLandscapeRight";
				INFOPLIST_KEY_UISupportedInterfaceOrientations_iPhone = "UIInterfaceOrientationPortrait UIInterfaceOrientationLandscapeLeft UIInterfaceOrientationLandscapeRight";
				LD_RUNPATH_SEARCH_PATHS = (
					"$(inherited)",
					"@executable_path/Frameworks",
				);
				MARKETING_VERSION = 1.0;
				PRODUCT_BUNDLE_IDENTIFIER = iti.SportingApp;
				PRODUCT_NAME = "$(TARGET_NAME)";
				SWIFT_EMIT_LOC_STRINGS = YES;
				SWIFT_VERSION = 5.0;
				TARGETED_DEVICE_FAMILY = "1,2";
			};
			name = Release;
		};
		C958D41A29895879006E82C4 /* Debug */ = {
			isa = XCBuildConfiguration;
			baseConfigurationReference = 7F6D1514061CC3D8853F5A75 /* Pods-SportingAppTests.debug.xcconfig */;
			buildSettings = {
				ALWAYS_EMBED_SWIFT_STANDARD_LIBRARIES = YES;
				BUNDLE_LOADER = "$(TEST_HOST)";
				CODE_SIGN_STYLE = Automatic;
				CURRENT_PROJECT_VERSION = 1;
				GENERATE_INFOPLIST_FILE = YES;
				IPHONEOS_DEPLOYMENT_TARGET = 16.2;
				MARKETING_VERSION = 1.0;
				PRODUCT_BUNDLE_IDENTIFIER = iti.SportingAppTests;
				PRODUCT_NAME = "$(TARGET_NAME)";
				SWIFT_EMIT_LOC_STRINGS = NO;
				SWIFT_VERSION = 5.0;
				TARGETED_DEVICE_FAMILY = "1,2";
				TEST_HOST = "$(BUILT_PRODUCTS_DIR)/SportingApp.app/$(BUNDLE_EXECUTABLE_FOLDER_PATH)/SportingApp";
			};
			name = Debug;
		};
		C958D41B29895879006E82C4 /* Release */ = {
			isa = XCBuildConfiguration;
			baseConfigurationReference = 7F5344594BAC59D7459BCDFB /* Pods-SportingAppTests.release.xcconfig */;
			buildSettings = {
				ALWAYS_EMBED_SWIFT_STANDARD_LIBRARIES = YES;
				BUNDLE_LOADER = "$(TEST_HOST)";
				CODE_SIGN_STYLE = Automatic;
				CURRENT_PROJECT_VERSION = 1;
				GENERATE_INFOPLIST_FILE = YES;
				IPHONEOS_DEPLOYMENT_TARGET = 16.2;
				MARKETING_VERSION = 1.0;
				PRODUCT_BUNDLE_IDENTIFIER = iti.SportingAppTests;
				PRODUCT_NAME = "$(TARGET_NAME)";
				SWIFT_EMIT_LOC_STRINGS = NO;
				SWIFT_VERSION = 5.0;
				TARGETED_DEVICE_FAMILY = "1,2";
				TEST_HOST = "$(BUILT_PRODUCTS_DIR)/SportingApp.app/$(BUNDLE_EXECUTABLE_FOLDER_PATH)/SportingApp";
			};
			name = Release;
		};
		C958D41D29895879006E82C4 /* Debug */ = {
			isa = XCBuildConfiguration;
			baseConfigurationReference = 3FBAC3CC9C3AD587A045BA29 /* Pods-SportingApp-SportingAppUITests.debug.xcconfig */;
			buildSettings = {
				ALWAYS_EMBED_SWIFT_STANDARD_LIBRARIES = YES;
				CODE_SIGN_STYLE = Automatic;
				CURRENT_PROJECT_VERSION = 1;
				GENERATE_INFOPLIST_FILE = YES;
				MARKETING_VERSION = 1.0;
				PRODUCT_BUNDLE_IDENTIFIER = iti.SportingAppUITests;
				PRODUCT_NAME = "$(TARGET_NAME)";
				SWIFT_EMIT_LOC_STRINGS = NO;
				SWIFT_VERSION = 5.0;
				TARGETED_DEVICE_FAMILY = "1,2";
				TEST_TARGET_NAME = SportingApp;
			};
			name = Debug;
		};
		C958D41E29895879006E82C4 /* Release */ = {
			isa = XCBuildConfiguration;
			baseConfigurationReference = 3129249EBFB6B60F17D95F6F /* Pods-SportingApp-SportingAppUITests.release.xcconfig */;
			buildSettings = {
				ALWAYS_EMBED_SWIFT_STANDARD_LIBRARIES = YES;
				CODE_SIGN_STYLE = Automatic;
				CURRENT_PROJECT_VERSION = 1;
				GENERATE_INFOPLIST_FILE = YES;
				MARKETING_VERSION = 1.0;
				PRODUCT_BUNDLE_IDENTIFIER = iti.SportingAppUITests;
				PRODUCT_NAME = "$(TARGET_NAME)";
				SWIFT_EMIT_LOC_STRINGS = NO;
				SWIFT_VERSION = 5.0;
				TARGETED_DEVICE_FAMILY = "1,2";
				TEST_TARGET_NAME = SportingApp;
			};
			name = Release;
		};
/* End XCBuildConfiguration section */

/* Begin XCConfigurationList section */
		C958D3E429895877006E82C4 /* Build configuration list for PBXProject "SportingApp" */ = {
			isa = XCConfigurationList;
			buildConfigurations = (
				C958D41429895879006E82C4 /* Debug */,
				C958D41529895879006E82C4 /* Release */,
			);
			defaultConfigurationIsVisible = 0;
			defaultConfigurationName = Release;
		};
		C958D41629895879006E82C4 /* Build configuration list for PBXNativeTarget "SportingApp" */ = {
			isa = XCConfigurationList;
			buildConfigurations = (
				C958D41729895879006E82C4 /* Debug */,
				C958D41829895879006E82C4 /* Release */,
			);
			defaultConfigurationIsVisible = 0;
			defaultConfigurationName = Release;
		};
		C958D41929895879006E82C4 /* Build configuration list for PBXNativeTarget "SportingAppTests" */ = {
			isa = XCConfigurationList;
			buildConfigurations = (
				C958D41A29895879006E82C4 /* Debug */,
				C958D41B29895879006E82C4 /* Release */,
			);
			defaultConfigurationIsVisible = 0;
			defaultConfigurationName = Release;
		};
		C958D41C29895879006E82C4 /* Build configuration list for PBXNativeTarget "SportingAppUITests" */ = {
			isa = XCConfigurationList;
			buildConfigurations = (
				C958D41D29895879006E82C4 /* Debug */,
				C958D41E29895879006E82C4 /* Release */,
			);
			defaultConfigurationIsVisible = 0;
			defaultConfigurationName = Release;
		};
/* End XCConfigurationList section */

/* Begin XCVersionGroup section */
		C958D3F529895877006E82C4 /* SportingApp.xcdatamodeld */ = {
			isa = XCVersionGroup;
			children = (
				C958D3F629895877006E82C4 /* SportingApp.xcdatamodel */,
			);
			currentVersion = C958D3F629895877006E82C4 /* SportingApp.xcdatamodel */;
			path = SportingApp.xcdatamodeld;
			sourceTree = "<group>";
			versionGroupType = wrapper.xcdatamodel;
		};
/* End XCVersionGroup section */
	};
	rootObject = C958D3E129895877006E82C4 /* Project object */;
}
